
Microsoft Visual Studio Solution File, Format Version 11.00
# Visual Studio 2010
Project("{FAE04EC0-301F-11D3-BF4B-00C04F79EFBC}") = "Unity.Timeline", "Unity.Timeline.csproj", "{6e750746-b477-688b-42ce-a1bba276562f}"
EndProject
Project("{FAE04EC0-301F-11D3-BF4B-00C04F79EFBC}") = "Unity.PlasticSCM.Editor", "Unity.PlasticSCM.Editor.csproj", "{c580c2e3-0d34-8034-29b3-f02e845406c7}"
EndProject
Project("{FAE04EC0-301F-11D3-BF4B-00C04F79EFBC}") = "Unity.Mathematics", "Unity.Mathematics.csproj", "{3c3c7e14-47f4-d6e1-c815-2c05a06a232f}"
EndProject
Project("{FAE04EC0-301F-11D3-BF4B-00C04F79EFBC}") = "Unity.Timeline.Editor", "Unity.Timeline.Editor.csproj", "{5a3a3e24-ea2a-4a18-9695-b9010907f18f}"
EndProject
Project("{FAE04EC0-301F-11D3-BF4B-00C04F79EFBC}") = "Unity.Collections", "Unity.Collections.csproj", "{eab64300-fe28-9b3d-4393-8121d089c0bf}"
EndProject
Project("{FAE04EC0-301F-11D3-BF4B-00C04F79EFBC}") = "Unity.VisualScripting.Core.Editor", "Unity.VisualScripting.Core.Editor.csproj", "{9234aebf-ee1b-a7d5-fbe3-758c855327af}"
EndProject
Project("{FAE04EC0-301F-11D3-BF4B-00C04F79EFBC}") = "Unity.PerformanceTesting.Editor", "Unity.PerformanceTesting.Editor.csproj", "{bf661f1d-6e8b-9da3-6cde-c1658ad78846}"
EndProject
Project("{FAE04EC0-301F-11D3-BF4B-00C04F79EFBC}") = "UnityEngine.TestRunner", "UnityEngine.TestRunner.csproj", "{0c9d3800-158e-097d-18be-e52948d8ece7}"
EndProject
Project("{FAE04EC0-301F-11D3-BF4B-00C04F79EFBC}") = "Unity.Burst", "Unity.Burst.csproj", "{6e41f1a4-7565-c19e-6c33-da93e7e1a25b}"
EndProject
Project("{FAE04EC0-301F-11D3-BF4B-00C04F79EFBC}") = "Unity.VisualScripting.Flow.Editor", "Unity.VisualScripting.Flow.Editor.csproj", "{4652b001-876d-191b-f2a1-ccc2c9207af0}"
EndProject
Project("{FAE04EC0-301F-11D3-BF4B-00C04F79EFBC}") = "Unity.VisualStudio.Editor", "Unity.VisualStudio.Editor.csproj", "{51455c0b-fd9d-f800-e7e7-5a5867ee46a7}"
EndProject
Project("{FAE04EC0-301F-11D3-BF4B-00C04F79EFBC}") = "Unity.InputSystem", "Unity.InputSystem.csproj", "{dcf79565-4966-249a-9aeb-c2828eaff289}"
EndProject
Project("{FAE04EC0-301F-11D3-BF4B-00C04F79EFBC}") = "Unity.Searcher.Editor", "Unity.Searcher.Editor.csproj", "{e1821751-693f-6bb0-f95c-9c4d59184522}"
EndProject
Project("{FAE04EC0-301F-11D3-BF4B-00C04F79EFBC}") = "UnityEditor.TestRunner", "UnityEditor.TestRunner.csproj", "{cec6338b-bc86-3668-90d9-d19f38b03502}"
EndProject
Project("{FAE04EC0-301F-11D3-BF4B-00C04F79EFBC}") = "Unity.VisualScripting.Core", "Unity.VisualScripting.Core.csproj", "{782be619-a856-da1e-1fcd-d6a05bfa278d}"
EndProject
Project("{FAE04EC0-301F-11D3-BF4B-00C04F79EFBC}") = "Unity.CollabProxy.Editor", "Unity.CollabProxy.Editor.csproj", "{7fb52803-9369-88ce-5fc8-85cf960cbbee}"
EndProject
Project("{FAE04EC0-301F-11D3-BF4B-00C04F79EFBC}") = "Unity.AI.Navigation.Editor.ConversionSystem", "Unity.AI.Navigation.Editor.ConversionSystem.csproj", "{a743b8b0-d762-5d17-fa27-9583754f5712}"
EndProject
Project("{FAE04EC0-301F-11D3-BF4B-00C04F79EFBC}") = "Unity.VisualScripting.State.Editor", "Unity.VisualScripting.State.Editor.csproj", "{deb8ec75-7570-102d-4cb5-dbb8c9965cd5}"
EndProject
Project("{FAE04EC0-301F-11D3-BF4B-00C04F79EFBC}") = "Unity.Burst.CodeGen", "Unity.Burst.CodeGen.csproj", "{daa4576e-a9b3-7798-efe3-3cbecb09d1f4}"
EndProject
Project("{FAE04EC0-301F-11D3-BF4B-00C04F79EFBC}") = "Unity.VisualScripting.Flow", "Unity.VisualScripting.Flow.csproj", "{85c37c07-c6fd-847a-e641-0589c5f0b4ad}"
EndProject
Project("{FAE04EC0-301F-11D3-BF4B-00C04F79EFBC}") = "Unity.PerformanceTesting", "Unity.PerformanceTesting.csproj", "{b20690b7-7371-4e73-a4fc-c687a63b5269}"
EndProject
Project("{FAE04EC0-301F-11D3-BF4B-00C04F79EFBC}") = "Assembly-CSharp", "Assembly-CSharp.csproj", "{18351dcf-a9a2-405b-d596-45cdb59707af}"
EndProject
Project("{FAE04EC0-301F-11D3-BF4B-00C04F79EFBC}") = "Unity.Burst.Editor", "Unity.Burst.Editor.csproj", "{025606c7-ba58-6590-cc8f-017767971a21}"
EndProject
Project("{FAE04EC0-301F-11D3-BF4B-00C04F79EFBC}") = "Unity.Rider.Editor", "Unity.Rider.Editor.csproj", "{2fb2124c-988c-5f2c-639b-d69edc79d18c}"
EndProject
Project("{FAE04EC0-301F-11D3-BF4B-00C04F79EFBC}") = "Unity.VisualScripting.State", "Unity.VisualScripting.State.csproj", "{c38f78fc-254f-956c-9c03-bc5125311bbf}"
EndProject
Project("{FAE04EC0-301F-11D3-BF4B-00C04F79EFBC}") = "Unity.AI.Navigation.Updater", "Unity.AI.Navigation.Updater.csproj", "{46fa398f-0ac8-fe44-4d12-17b2822b4bd0}"
EndProject
Project("{FAE04EC0-301F-11D3-BF4B-00C04F79EFBC}") = "Unity.AI.Navigation.Editor", "Unity.AI.Navigation.Editor.csproj", "{35caf68d-53c9-1ff4-fb31-0d11d9ced3df}"
EndProject
Project("{FAE04EC0-301F-11D3-BF4B-00C04F79EFBC}") = "Unity.InputSystem.ForUI", "Unity.InputSystem.ForUI.csproj", "{fdd45b0f-f12d-a0c6-c4b3-5f79fdaa38d2}"
EndProject
Project("{FAE04EC0-301F-11D3-BF4B-00C04F79EFBC}") = "Unity.AI.Navigation", "Unity.AI.Navigation.csproj", "{d976ab64-f716-c318-3672-e19f69b00632}"
EndProject
Project("{FAE04EC0-301F-11D3-BF4B-00C04F79EFBC}") = "Unity.Collections.CodeGen", "Unity.Collections.CodeGen.csproj", "{64c663a2-e6b8-b161-c1a9-bbc9b5655801}"
EndProject
Project("{FAE04EC0-301F-11D3-BF4B-00C04F79EFBC}") = "Unity.Mathematics.Editor", "Unity.Mathematics.Editor.csproj", "{ffec9d81-d391-6ef5-2b99-5abbab08f290}"
EndProject
Project("{FAE04EC0-301F-11D3-BF4B-00C04F79EFBC}") = "Unity.VisualScripting.SettingsProvider.Editor", "Unity.VisualScripting.SettingsProvider.Editor.csproj", "{9f038c02-6bb4-adae-819a-a3f3ec46a76c}"
EndProject
Project("{FAE04EC0-301F-11D3-BF4B-00C04F79EFBC}") = "Assembly-CSharp-Editor", "Assembly-CSharp-Editor.csproj", "{1b0ca253-1b79-f5ac-5f38-1c28518d3af5}"
EndProject
Project("{FAE04EC0-301F-11D3-BF4B-00C04F79EFBC}") = "Unity.InputSystem.TestFramework", "Unity.InputSystem.TestFramework.csproj", "{6d93d6c1-be66-47ce-657b-3fb74d586370}"
EndProject
Project("{FAE04EC0-301F-11D3-BF4B-00C04F79EFBC}") = "Unity.VisualScripting.Shared.Editor", "Unity.VisualScripting.Shared.Editor.csproj", "{472e38c5-d713-b0fa-b85d-2e6116f5acd5}"
EndProject
Project("{FAE04EC0-301F-11D3-BF4B-00C04F79EFBC}") = "Unity.Collections.Editor", "Unity.Collections.Editor.csproj", "{4ebdf497-6094-acf1-fe79-57df5ef8bd36}"
EndProject
Project("{FAE04EC0-301F-11D3-BF4B-00C04F79EFBC}") = "Unity.AI.Navigation.Tests.EditorInPlaymode", "Unity.AI.Navigation.Tests.EditorInPlaymode.csproj", "{581f815e-6af9-b05e-b6fe-69c5c8c59f29}"
EndProject
Project("{FAE04EC0-301F-11D3-BF4B-00C04F79EFBC}") = "Unity.Mathematics.Tests", "Unity.Mathematics.Tests.csproj", "{d0dda050-3e36-6010-cfe0-0f75277d4bd5}"
EndProject
Project("{FAE04EC0-301F-11D3-BF4B-00C04F79EFBC}") = "Unity.Collections.DocCodeSamples", "Unity.Collections.DocCodeSamples.csproj", "{a22c17d9-8c7a-de8e-d47a-c4144eac0a6e}"
EndProject
Project("{FAE04EC0-301F-11D3-BF4B-00C04F79EFBC}") = "Unity.Searcher.EditorTests", "Unity.Searcher.EditorTests.csproj", "{bdf97a98-24cc-79c0-7835-26f7756b6180}"
EndProject
Project("{FAE04EC0-301F-11D3-BF4B-00C04F79EFBC}") = "Unity.Collections.PerformanceTests", "Unity.Collections.PerformanceTests.csproj", "{c7ae84fe-8fe2-f773-1759-accc4e5d0cfa}"
EndProject
Project("{FAE04EC0-301F-11D3-BF4B-00C04F79EFBC}") = "Unity.AI.Navigation.Tests", "Unity.AI.Navigation.Tests.csproj", "{038eeeda-c7ab-7026-f3b1-26d7371c3069}"
EndProject
Project("{FAE04EC0-301F-11D3-BF4B-00C04F79EFBC}") = "DocCodeExamples", "DocCodeExamples.csproj", "{756416e9-e70b-caf6-1f94-e4ca37fe3cb4}"
EndProject
Project("{FAE04EC0-301F-11D3-BF4B-00C04F79EFBC}") = "Unity.Collections.Tests", "Unity.Collections.Tests.csproj", "{67a9625f-ba15-e3ae-5dd3-65867f088a04}"
EndProject
Project("{FAE04EC0-301F-11D3-BF4B-00C04F79EFBC}") = "Unity.AI.Navigation.LegacyOffMeshLink.Tests", "Unity.AI.Navigation.LegacyOffMeshLink.Tests.csproj", "{2ca341b6-46e3-3b66-c26f-ebbd746ebee5}"
EndProject
Project("{FAE04EC0-301F-11D3-BF4B-00C04F79EFBC}") = "Unity.AI.Navigation.Editor.Tests", "Unity.AI.Navigation.Editor.Tests.csproj", "{5bf3e6d8-2b15-22fd-05b1-85369ce36b9e}"
EndProject
Project("{FAE04EC0-301F-11D3-BF4B-00C04F79EFBC}") = "Unity.InputSystem.IntegrationTests", "Unity.InputSystem.IntegrationTests.csproj", "{a4dd803e-bc1d-3315-0c2a-fd798dbb2b21}"
EndProject
Project("{FAE04EC0-301F-11D3-BF4B-00C04F79EFBC}") = "Unity.Collections.Tests.Playmode", "Unity.Collections.Tests.Playmode.csproj", "{a516ec5a-401f-926c-a55c-c6a08883497b}"
EndProject
Project("{FAE04EC0-301F-11D3-BF4B-00C04F79EFBC}") = "Unity.Nuget.Mono-Cecil", "Unity.Nuget.Mono-Cecil.csproj", "{86511f3c-3ab9-8c47-ec73-50a4298dad11}"
EndProject
Project("{FAE04EC0-301F-11D3-BF4B-00C04F79EFBC}") = "Unity.Collections.BurstCompatibilityGen", "Unity.Collections.BurstCompatibilityGen.csproj", "{75a1103e-3a88-96a4-25f6-faf4c57e6dbc}"
EndProject
Global
	GlobalSection(SolutionConfigurationPlatforms) = preSolution
		Debug|Any CPU = Debug|Any CPU
	EndGlobalSection
	GlobalSection(ProjectConfigurationPlatforms) = postSolution
		{6e750746-b477-688b-42ce-a1bba276562f}.Debug|Any CPU.ActiveCfg = Debug|Any CPU
		{6e750746-b477-688b-42ce-a1bba276562f}.Debug|Any CPU.Build.0 = Debug|Any CPU
		{c580c2e3-0d34-8034-29b3-f02e845406c7}.Debug|Any CPU.ActiveCfg = Debug|Any CPU
		{c580c2e3-0d34-8034-29b3-f02e845406c7}.Debug|Any CPU.Build.0 = Debug|Any CPU
		{3c3c7e14-47f4-d6e1-c815-2c05a06a232f}.Debug|Any CPU.ActiveCfg = Debug|Any CPU
		{3c3c7e14-47f4-d6e1-c815-2c05a06a232f}.Debug|Any CPU.Build.0 = Debug|Any CPU
		{5a3a3e24-ea2a-4a18-9695-b9010907f18f}.Debug|Any CPU.ActiveCfg = Debug|Any CPU
		{5a3a3e24-ea2a-4a18-9695-b9010907f18f}.Debug|Any CPU.Build.0 = Debug|Any CPU
		{eab64300-fe28-9b3d-4393-8121d089c0bf}.Debug|Any CPU.ActiveCfg = Debug|Any CPU
		{eab64300-fe28-9b3d-4393-8121d089c0bf}.Debug|Any CPU.Build.0 = Debug|Any CPU
		{9234aebf-ee1b-a7d5-fbe3-758c855327af}.Debug|Any CPU.ActiveCfg = Debug|Any CPU
		{9234aebf-ee1b-a7d5-fbe3-758c855327af}.Debug|Any CPU.Build.0 = Debug|Any CPU
		{bf661f1d-6e8b-9da3-6cde-c1658ad78846}.Debug|Any CPU.ActiveCfg = Debug|Any CPU
		{bf661f1d-6e8b-9da3-6cde-c1658ad78846}.Debug|Any CPU.Build.0 = Debug|Any CPU
		{0c9d3800-158e-097d-18be-e52948d8ece7}.Debug|Any CPU.ActiveCfg = Debug|Any CPU
		{0c9d3800-158e-097d-18be-e52948d8ece7}.Debug|Any CPU.Build.0 = Debug|Any CPU
		{6e41f1a4-7565-c19e-6c33-da93e7e1a25b}.Debug|Any CPU.ActiveCfg = Debug|Any CPU
		{6e41f1a4-7565-c19e-6c33-da93e7e1a25b}.Debug|Any CPU.Build.0 = Debug|Any CPU
		{4652b001-876d-191b-f2a1-ccc2c9207af0}.Debug|Any CPU.ActiveCfg = Debug|Any CPU
		{4652b001-876d-191b-f2a1-ccc2c9207af0}.Debug|Any CPU.Build.0 = Debug|Any CPU
		{51455c0b-fd9d-f800-e7e7-5a5867ee46a7}.Debug|Any CPU.ActiveCfg = Debug|Any CPU
		{51455c0b-fd9d-f800-e7e7-5a5867ee46a7}.Debug|Any CPU.Build.0 = Debug|Any CPU
		{dcf79565-4966-249a-9aeb-c2828eaff289}.Debug|Any CPU.ActiveCfg = Debug|Any CPU
		{dcf79565-4966-249a-9aeb-c2828eaff289}.Debug|Any CPU.Build.0 = Debug|Any CPU
		{e1821751-693f-6bb0-f95c-9c4d59184522}.Debug|Any CPU.ActiveCfg = Debug|Any CPU
		{e1821751-693f-6bb0-f95c-9c4d59184522}.Debug|Any CPU.Build.0 = Debug|Any CPU
		{cec6338b-bc86-3668-90d9-d19f38b03502}.Debug|Any CPU.ActiveCfg = Debug|Any CPU
		{cec6338b-bc86-3668-90d9-d19f38b03502}.Debug|Any CPU.Build.0 = Debug|Any CPU
		{782be619-a856-da1e-1fcd-d6a05bfa278d}.Debug|Any CPU.ActiveCfg = Debug|Any CPU
		{782be619-a856-da1e-1fcd-d6a05bfa278d}.Debug|Any CPU.Build.0 = Debug|Any CPU
		{7fb52803-9369-88ce-5fc8-85cf960cbbee}.Debug|Any CPU.ActiveCfg = Debug|Any CPU
		{7fb52803-9369-88ce-5fc8-85cf960cbbee}.Debug|Any CPU.Build.0 = Debug|Any CPU
		{a743b8b0-d762-5d17-fa27-9583754f5712}.Debug|Any CPU.ActiveCfg = Debug|Any CPU
		{a743b8b0-d762-5d17-fa27-9583754f5712}.Debug|Any CPU.Build.0 = Debug|Any CPU
		{deb8ec75-7570-102d-4cb5-dbb8c9965cd5}.Debug|Any CPU.ActiveCfg = Debug|Any CPU
		{deb8ec75-7570-102d-4cb5-dbb8c9965cd5}.Debug|Any CPU.Build.0 = Debug|Any CPU
		{daa4576e-a9b3-7798-efe3-3cbecb09d1f4}.Debug|Any CPU.ActiveCfg = Debug|Any CPU
		{daa4576e-a9b3-7798-efe3-3cbecb09d1f4}.Debug|Any CPU.Build.0 = Debug|Any CPU
		{85c37c07-c6fd-847a-e641-0589c5f0b4ad}.Debug|Any CPU.ActiveCfg = Debug|Any CPU
		{85c37c07-c6fd-847a-e641-0589c5f0b4ad}.Debug|Any CPU.Build.0 = Debug|Any CPU
		{b20690b7-7371-4e73-a4fc-c687a63b5269}.Debug|Any CPU.ActiveCfg = Debug|Any CPU
		{b20690b7-7371-4e73-a4fc-c687a63b5269}.Debug|Any CPU.Build.0 = Debug|Any CPU
		{18351dcf-a9a2-405b-d596-45cdb59707af}.Debug|Any CPU.ActiveCfg = Debug|Any CPU
		{18351dcf-a9a2-405b-d596-45cdb59707af}.Debug|Any CPU.Build.0 = Debug|Any CPU
		{025606c7-ba58-6590-cc8f-017767971a21}.Debug|Any CPU.ActiveCfg = Debug|Any CPU
		{025606c7-ba58-6590-cc8f-017767971a21}.Debug|Any CPU.Build.0 = Debug|Any CPU
		{2fb2124c-988c-5f2c-639b-d69edc79d18c}.Debug|Any CPU.ActiveCfg = Debug|Any CPU
		{2fb2124c-988c-5f2c-639b-d69edc79d18c}.Debug|Any CPU.Build.0 = Debug|Any CPU
		{c38f78fc-254f-956c-9c03-bc5125311bbf}.Debug|Any CPU.ActiveCfg = Debug|Any CPU
		{c38f78fc-254f-956c-9c03-bc5125311bbf}.Debug|Any CPU.Build.0 = Debug|Any CPU
		{46fa398f-0ac8-fe44-4d12-17b2822b4bd0}.Debug|Any CPU.ActiveCfg = Debug|Any CPU
		{46fa398f-0ac8-fe44-4d12-17b2822b4bd0}.Debug|Any CPU.Build.0 = Debug|Any CPU
		{35caf68d-53c9-1ff4-fb31-0d11d9ced3df}.Debug|Any CPU.ActiveCfg = Debug|Any CPU
		{35caf68d-53c9-1ff4-fb31-0d11d9ced3df}.Debug|Any CPU.Build.0 = Debug|Any CPU
		{fdd45b0f-f12d-a0c6-c4b3-5f79fdaa38d2}.Debug|Any CPU.ActiveCfg = Debug|Any CPU
		{fdd45b0f-f12d-a0c6-c4b3-5f79fdaa38d2}.Debug|Any CPU.Build.0 = Debug|Any CPU
		{d976ab64-f716-c318-3672-e19f69b00632}.Debug|Any CPU.ActiveCfg = Debug|Any CPU
		{d976ab64-f716-c318-3672-e19f69b00632}.Debug|Any CPU.Build.0 = Debug|Any CPU
		{64c663a2-e6b8-b161-c1a9-bbc9b5655801}.Debug|Any CPU.ActiveCfg = Debug|Any CPU
		{64c663a2-e6b8-b161-c1a9-bbc9b5655801}.Debug|Any CPU.Build.0 = Debug|Any CPU
		{ffec9d81-d391-6ef5-2b99-5abbab08f290}.Debug|Any CPU.ActiveCfg = Debug|Any CPU
		{ffec9d81-d391-6ef5-2b99-5abbab08f290}.Debug|Any CPU.Build.0 = Debug|Any CPU
		{9f038c02-6bb4-adae-819a-a3f3ec46a76c}.Debug|Any CPU.ActiveCfg = Debug|Any CPU
		{9f038c02-6bb4-adae-819a-a3f3ec46a76c}.Debug|Any CPU.Build.0 = Debug|Any CPU
		{1b0ca253-1b79-f5ac-5f38-1c28518d3af5}.Debug|Any CPU.ActiveCfg = Debug|Any CPU
		{1b0ca253-1b79-f5ac-5f38-1c28518d3af5}.Debug|Any CPU.Build.0 = Debug|Any CPU
		{6d93d6c1-be66-47ce-657b-3fb74d586370}.Debug|Any CPU.ActiveCfg = Debug|Any CPU
		{6d93d6c1-be66-47ce-657b-3fb74d586370}.Debug|Any CPU.Build.0 = Debug|Any CPU
		{472e38c5-d713-b0fa-b85d-2e6116f5acd5}.Debug|Any CPU.ActiveCfg = Debug|Any CPU
		{472e38c5-d713-b0fa-b85d-2e6116f5acd5}.Debug|Any CPU.Build.0 = Debug|Any CPU
		{4ebdf497-6094-acf1-fe79-57df5ef8bd36}.Debug|Any CPU.ActiveCfg = Debug|Any CPU
		{4ebdf497-6094-acf1-fe79-57df5ef8bd36}.Debug|Any CPU.Build.0 = Debug|Any CPU
		{581f815e-6af9-b05e-b6fe-69c5c8c59f29}.Debug|Any CPU.ActiveCfg = Debug|Any CPU
		{581f815e-6af9-b05e-b6fe-69c5c8c59f29}.Debug|Any CPU.Build.0 = Debug|Any CPU
		{d0dda050-3e36-6010-cfe0-0f75277d4bd5}.Debug|Any CPU.ActiveCfg = Debug|Any CPU
		{d0dda050-3e36-6010-cfe0-0f75277d4bd5}.Debug|Any CPU.Build.0 = Debug|Any CPU
		{a22c17d9-8c7a-de8e-d47a-c4144eac0a6e}.Debug|Any CPU.ActiveCfg = Debug|Any CPU
		{a22c17d9-8c7a-de8e-d47a-c4144eac0a6e}.Debug|Any CPU.Build.0 = Debug|Any CPU
		{bdf97a98-24cc-79c0-7835-26f7756b6180}.Debug|Any CPU.ActiveCfg = Debug|Any CPU
		{bdf97a98-24cc-79c0-7835-26f7756b6180}.Debug|Any CPU.Build.0 = Debug|Any CPU
		{c7ae84fe-8fe2-f773-1759-accc4e5d0cfa}.Debug|Any CPU.ActiveCfg = Debug|Any CPU
		{c7ae84fe-8fe2-f773-1759-accc4e5d0cfa}.Debug|Any CPU.Build.0 = Debug|Any CPU
		{038eeeda-c7ab-7026-f3b1-26d7371c3069}.Debug|Any CPU.ActiveCfg = Debug|Any CPU
		{038eeeda-c7ab-7026-f3b1-26d7371c3069}.Debug|Any CPU.Build.0 = Debug|Any CPU
		{756416e9-e70b-caf6-1f94-e4ca37fe3cb4}.Debug|Any CPU.ActiveCfg = Debug|Any CPU
		{756416e9-e70b-caf6-1f94-e4ca37fe3cb4}.Debug|Any CPU.Build.0 = Debug|Any CPU
		{67a9625f-ba15-e3ae-5dd3-65867f088a04}.Debug|Any CPU.ActiveCfg = Debug|Any CPU
		{67a9625f-ba15-e3ae-5dd3-65867f088a04}.Debug|Any CPU.Build.0 = Debug|Any CPU
		{2ca341b6-46e3-3b66-c26f-ebbd746ebee5}.Debug|Any CPU.ActiveCfg = Debug|Any CPU
		{2ca341b6-46e3-3b66-c26f-ebbd746ebee5}.Debug|Any CPU.Build.0 = Debug|Any CPU
		{5bf3e6d8-2b15-22fd-05b1-85369ce36b9e}.Debug|Any CPU.ActiveCfg = Debug|Any CPU
		{5bf3e6d8-2b15-22fd-05b1-85369ce36b9e}.Debug|Any CPU.Build.0 = Debug|Any CPU
		{a4dd803e-bc1d-3315-0c2a-fd798dbb2b21}.Debug|Any CPU.ActiveCfg = Debug|Any CPU
		{a4dd803e-bc1d-3315-0c2a-fd798dbb2b21}.Debug|Any CPU.Build.0 = Debug|Any CPU
		{a516ec5a-401f-926c-a55c-c6a08883497b}.Debug|Any CPU.ActiveCfg = Debug|Any CPU
		{a516ec5a-401f-926c-a55c-c6a08883497b}.Debug|Any CPU.Build.0 = Debug|Any CPU
		{86511f3c-3ab9-8c47-ec73-50a4298dad11}.Debug|Any CPU.ActiveCfg = Debug|Any CPU
		{86511f3c-3ab9-8c47-ec73-50a4298dad11}.Debug|Any CPU.Build.0 = Debug|Any CPU
		{75a1103e-3a88-96a4-25f6-faf4c57e6dbc}.Debug|Any CPU.ActiveCfg = Debug|Any CPU
		{75a1103e-3a88-96a4-25f6-faf4c57e6dbc}.Debug|Any CPU.Build.0 = Debug|Any CPU
	EndGlobalSection
	GlobalSection(SolutionProperties) = preSolution
		HideSolutionNode = FALSE
	EndGlobalSection
EndGlobal
